// !$*UTF8*$!
{
	archiveVersion = 1;
	classes = {
	};
	objectVersion = 48;
	objects = {

/* Begin PBXBuildFile section */
		530A80A81FD472DC003DD38B /* AppDelegate.swift in Sources */ = {isa = PBXBuildFile; fileRef = 530A80A71FD472DC003DD38B /* AppDelegate.swift */; };
		530A80AA1FD472DC003DD38B /* ViewController.swift in Sources */ = {isa = PBXBuildFile; fileRef = 530A80A91FD472DC003DD38B /* ViewController.swift */; };
		530A80AD1FD472DC003DD38B /* Main.storyboard in Resources */ = {isa = PBXBuildFile; fileRef = 530A80AB1FD472DC003DD38B /* Main.storyboard */; };
		530A80AF1FD472DC003DD38B /* Assets.xcassets in Resources */ = {isa = PBXBuildFile; fileRef = 530A80AE1FD472DC003DD38B /* Assets.xcassets */; };
		530A80B21FD472DC003DD38B /* LaunchScreen.storyboard in Resources */ = {isa = PBXBuildFile; fileRef = 530A80B01FD472DC003DD38B /* LaunchScreen.storyboard */; };
/* End PBXBuildFile section */

/* Begin PBXFileReference section */
		530A80A41FD472DC003DD38B /* ReplayKit Tutorial.app */ = {isa = PBXFileReference; explicitFileType = wrapper.application; includeInIndex = 0; path = "ReplayKit Tutorial.app"; sourceTree = BUILT_PRODUCTS_DIR; };
		530A80A71FD472DC003DD38B /* AppDelegate.swift */ = {isa = PBXFileReference; lastKnownFileType = sourcecode.swift; path = AppDelegate.swift; sourceTree = "<group>"; };
		530A80A91FD472DC003DD38B /* ViewController.swift */ = {isa = PBXFileReference; lastKnownFileType = sourcecode.swift; path = ViewController.swift; sourceTree = "<group>"; };
		530A80AC1FD472DC003DD38B /* Base */ = {isa = PBXFileReference; lastKnownFileType = file.storyboard; name = Base; path = Base.lproj/Main.storyboard; sourceTree = "<group>"; };
		530A80AE1FD472DC003DD38B /* Assets.xcassets */ = {isa = PBXFileReference; lastKnownFileType = folder.assetcatalog; path = Assets.xcassets; sourceTree = "<group>"; };
		530A80B11FD472DC003DD38B /* Base */ = {isa = PBXFileReference; lastKnownFileType = file.storyboard; name = Base; path = Base.lproj/LaunchScreen.storyboard; sourceTree = "<group>"; };
		530A80B31FD472DC003DD38B /* Info.plist */ = {isa = PBXFileReference; lastKnownFileType = text.plist.xml; path = Info.plist; sourceTree = "<group>"; };
/* End PBXFileReference section */

/* Begin PBXFrameworksBuildPhase section */
		530A80A11FD472DC003DD38B /* Frameworks */ = {
			isa = PBXFrameworksBuildPhase;
			buildActionMask = 2147483647;
			files = (
			);
			runOnlyForDeploymentPostprocessing = 0;
		};
/* End PBXFrameworksBuildPhase section */

/* Begin PBXGroup section */
		530A809B1FD472DC003DD38B = {
			isa = PBXGroup;
			children = (
				530A80A61FD472DC003DD38B /* ReplayKit Tutorial */,
				530A80A51FD472DC003DD38B /* Products */,
			);
			sourceTree = "<group>";
		};
		530A80A51FD472DC003DD38B /* Products */ = {
			isa = PBXGroup;
			children = (
				530A80A41FD472DC003DD38B /* ReplayKit Tutorial.app */,
			);
			name = Products;
			sourceTree = "<group>";
		};
		530A80A61FD472DC003DD38B /* ReplayKit Tutorial */ = {
			isa = PBXGroup;
			children = (
				530A80A71FD472DC003DD38B /* AppDelegate.swift */,
				530A80A91FD472DC003DD38B /* ViewController.swift */,
				530A80AB1FD472DC003DD38B /* Main.storyboard */,
				530A80AE1FD472DC003DD38B /* Assets.xcassets */,
				530A80B01FD472DC003DD38B /* LaunchScreen.storyboard */,
				530A80B31FD472DC003DD38B /* Info.plist */,
			);
			path = "ReplayKit Tutorial";
			sourceTree = "<group>";
		};
/* End PBXGroup section */

/* Begin PBXNativeTarget section */
		530A80A31FD472DC003DD38B /* ReplayKit Tutorial */ = {
			isa = PBXNativeTarget;
			buildConfigurationList = 530A80B61FD472DC003DD38B /* Build configuration list for PBXNativeTarget "ReplayKit Tutorial" */;
			buildPhases = (
				530A80A01FD472DC003DD38B /* Sources */,
				530A80A11FD472DC003DD38B /* Frameworks */,
				530A80A21FD472DC003DD38B /* Resources */,
			);
			buildRules = (
			);
			dependencies = (
			);
			name = "ReplayKit Tutorial";
			productName = "ReplayKit Tutorial";
			productReference = 530A80A41FD472DC003DD38B /* ReplayKit Tutorial.app */;
			productType = "com.apple.product-type.application";
		};
/* End PBXNativeTarget section */

/* Begin PBXProject section */
		530A809C1FD472DC003DD38B /* Project object */ = {
			isa = PBXProject;
			attributes = {
				LastSwiftUpdateCheck = 0910;
				LastUpgradeCheck = 0910;
				ORGANIZATIONNAME = "Mikhail Lutskiy";
				TargetAttributes = {
					530A80A31FD472DC003DD38B = {
						CreatedOnToolsVersion = 9.1;
						ProvisioningStyle = Automatic;
					};
				};
			};
			buildConfigurationList = 530A809F1FD472DC003DD38B /* Build configuration list for PBXProject "ReplayKit Tutorial" */;
			compatibilityVersion = "Xcode 8.0";
			developmentRegion = en;
			hasScannedForEncodings = 0;
			knownRegions = (
				en,
				Base,
			);
			mainGroup = 530A809B1FD472DC003DD38B;
			productRefGroup = 530A80A51FD472DC003DD38B /* Products */;
			projectDirPath = "";
			projectRoot = "";
			targets = (
				530A80A31FD472DC003DD38B /* ReplayKit Tutorial */,
			);
		};
/* End PBXProject section */

/* Begin PBXResourcesBuildPhase section */
		530A80A21FD472DC003DD38B /* Resources */ = {
			isa = PBXResourcesBuildPhase;
			buildActionMask = 2147483647;
			files = (
				530A80B21FD472DC003DD38B /* LaunchScreen.storyboard in Resources */,
				530A80AF1FD472DC003DD38B /* Assets.xcassets in Resources */,
				530A80AD1FD472DC003DD38B /* Main.storyboard in Resources */,
			);
			runOnlyForDeploymentPostprocessing = 0;
		};
/* End PBXResourcesBuildPhase section */

/* Begin PBXSourcesBuildPhase section */
		530A80A01FD472DC003DD38B /* Sources */ = {
			isa = PBXSourcesBuildPhase;
			buildActionMask = 2147483647;
			files = (
				530A80AA1FD472DC003DD38B /* ViewController.swift in Sources */,
				530A80A81FD472DC003DD38B /* AppDelegate.swift in Sources */,
			);
			runOnlyForDeploymentPostprocessing = 0;
		};
/* End PBXSourcesBuildPhase section */

/* Begin PBXVariantGroup section */
		530A80AB1FD472DC003DD38B /* Main.storyboard */ = {
			isa = PBXVariantGroup;
			children = (
				530A80AC1FD472DC003DD38B /* Base */,
			);
			name = Main.storyboard;
			sourceTree = "<group>";
		};
		530A80B01FD472DC003DD38B /* LaunchScreen.storyboard */ = {
			isa = PBXVariantGroup;
			children = (
				530A80B11FD472DC003DD38B /* Base */,
			);
			name = LaunchScreen.storyboard;
			sourceTree = "<group>";
		};
/* End PBXVariantGroup section */

/* Begin XCBuildConfiguration section */
		530A80B41FD472DC003DD38B /* Debug */ = {
			isa = XCBuildConfiguration;
			buildSettings = {
				ALWAYS_SEARCH_USER_PATHS = NO;
				CLANG_ANALYZER_NONNULL = YES;
				CLANG_ANALYZER_NUMBER_OBJECT_CONVERSION = YES_AGGRESSIVE;
				CLANG_CXX_LANGUAGE_STANDARD = "gnu++14";
				CLANG_CXX_LIBRARY = "libc++";
				CLANG_ENABLE_MODULES = YES;
				CLANG_ENABLE_OBJC_ARC = YES;
				CLANG_WARN_BLOCK_CAPTURE_AUTORELEASING = YES;
				CLANG_WARN_BOOL_CONVERSION = YES;
				CLANG_WARN_COMMA = YES;
				CLANG_WARN_CONSTANT_CONVERSION = YES;
				CLANG_WARN_DIRECT_OBJC_ISA_USAGE = YES_ERROR;
				CLANG_WARN_DOCUMENTATION_COMMENTS = YES;
				CLANG_WARN_EMPTY_BODY = YES;
				CLANG_WARN_ENUM_CONVERSION = YES;
				CLANG_WARN_INFINITE_RECURSION = YES;
				CLANG_WARN_INT_CONVERSION = YES;
				CLANG_WARN_NON_LITERAL_NULL_CONVERSION = YES;
				CLANG_WARN_OBJC_LITERAL_CONVERSION = YES;
				CLANG_WARN_OBJC_ROOT_CLASS = YES_ERROR;
				CLANG_WARN_RANGE_LOOP_ANALYSIS = YES;
				CLANG_WARN_STRICT_PROTOTYPES = YES;
				CLANG_WARN_SUSPICIOUS_MOVE = YES;
				CLANG_WARN_UNGUARDED_AVAILABILITY = YES_AGGRESSIVE;
				CLANG_WARN_UNREACHABLE_CODE = YES;
				CLANG_WARN__DUPLICATE_METHOD_MATCH = YES;
				CODE_SIGN_IDENTITY = "iPhone Developer";
				COPY_PHASE_STRIP = NO;
				DEBUG_INFORMATION_FORMAT = dwarf;
				ENABLE_STRICT_OBJC_MSGSEND = YES;
				ENABLE_TESTABILITY = YES;
				GCC_C_LANGUAGE_STANDARD = gnu11;
				GCC_DYNAMIC_NO_PIC = NO;
				GCC_NO_COMMON_BLOCKS = YES;
				GCC_OPTIMIZATION_LEVEL = 0;
				GCC_PREPROCESSOR_DEFINITIONS = (
					"DEBUG=1",
					"$(inherited)",
				);
				GCC_WARN_64_TO_32_BIT_CONVERSION = YES;
				GCC_WARN_ABOUT_RETURN_TYPE = YES_ERROR;
				GCC_WARN_UNDECLARED_SELECTOR = YES;
				GCC_WARN_UNINITIALIZED_AUTOS = YES_AGGRESSIVE;
				GCC_WARN_UNUSED_FUNCTION = YES;
				GCC_WARN_UNUSED_VARIABLE = YES;
				IPHONEOS_DEPLOYMENT_TARGET = 11.1;
				MTL_ENABLE_DEBUG_INFO = YES;
				ONLY_ACTIVE_ARCH = YES;
				SDKROOT = iphoneos;
				SWIFT_ACTIVE_COMPILATION_CONDITIONS = DEBUG;
				SWIFT_OPTIMIZATION_LEVEL = "-Onone";
			};
			name = Debug;
		};
		530A80B51FD472DC003DD38B /* Release */ = {
			isa = XCBuildConfiguration;
			buildSettings = {
				ALWAYS_SEARCH_USER_PATHS = NO;
				CLANG_ANALYZER_NONNULL = YES;
				CLANG_ANALYZER_NUMBER_OBJECT_CONVERSION = YES_AGGRESSIVE;
				CLANG_CXX_LANGUAGE_STANDARD = "gnu++14";
				CLANG_CXX_LIBRARY = "libc++";
				CLANG_ENABLE_MODULES = YES;
				CLANG_ENABLE_OBJC_ARC = YES;
				CLANG_WARN_BLOCK_CAPTURE_AUTORELEASING = YES;
				CLANG_WARN_BOOL_CONVERSION = YES;
				CLANG_WARN_COMMA = YES;
				CLANG_WARN_CONSTANT_CONVERSION = YES;
				CLANG_WARN_DIRECT_OBJC_ISA_USAGE = YES_ERROR;
				CLANG_WARN_DOCUMENTATION_COMMENTS = YES;
				CLANG_WARN_EMPTY_BODY = YES;
				CLANG_WARN_ENUM_CONVERSION = YES;
				CLANG_WARN_INFINITE_RECURSION = YES;
				CLANG_WARN_INT_CONVERSION = YES;
				CLANG_WARN_NON_LITERAL_NULL_CONVERSION = YES;
				CLANG_WARN_OBJC_LITERAL_CONVERSION = YES;
				CLANG_WARN_OBJC_ROOT_CLASS = YES_ERROR;
				CLANG_WARN_RANGE_LOOP_ANALYSIS = YES;
				CLANG_WARN_STRICT_PROTOTYPES = YES;
				CLANG_WARN_SUSPICIOUS_MOVE = YES;
				CLANG_WARN_UNGUARDED_AVAILABILITY = YES_AGGRESSIVE;
				CLANG_WARN_UNREACHABLE_CODE = YES;
				CLANG_WARN__DUPLICATE_METHOD_MATCH = YES;
				CODE_SIGN_IDENTITY = "iPhone Developer";
				COPY_PHASE_STRIP = NO;
				DEBUG_INFORMATION_FORMAT = "dwarf-with-dsym";
				ENABLE_NS_ASSERTIONS = NO;
				ENABLE_STRICT_OBJC_MSGSEND = YES;
				GCC_C_LANGUAGE_STANDARD = gnu11;
				GCC_NO_COMMON_BLOCKS = YES;
				GCC_WARN_64_TO_32_BIT_CONVERSION = YES;
				GCC_WARN_ABOUT_RETURN_TYPE = YES_ERROR;
				GCC_WARN_UNDECLARED_SELECTOR = YES;
				GCC_WARN_UNINITIALIZED_AUTOS = YES_AGGRESSIVE;
				GCC_WARN_UNUSED_FUNCTION = YES;
				GCC_WARN_UNUSED_VARIABLE = YES;
				IPHONEOS_DEPLOYMENT_TARGET = 11.1;
				MTL_ENABLE_DEBUG_INFO = NO;
				SDKROOT = iphoneos;
				SWIFT_OPTIMIZATION_LEVEL = "-Owholemodule";
				VALIDATE_PRODUCT = YES;
			};
			name = Release;
		};
		530A80B71FD472DC003DD38B /* Debug */ = {
			isa = XCBuildConfiguration;
			buildSettings = {
				ASSETCATALOG_COMPILER_APPICON_NAME = AppIcon;
				CODE_SIGN_STYLE = Automatic;
				DEVELOPMENT_TEAM = 8YBKQD6YZD;
				INFOPLIST_FILE = "ReplayKit Tutorial/Info.plist";
				LD_RUNPATH_SEARCH_PATHS = "$(inherited) @executable_path/Frameworks";
				PRODUCT_BUNDLE_IDENTIFIER = "BigBadBird-LLC.ReplayKit-Tutorial";
				PRODUCT_NAME = "$(TARGET_NAME)";
				SWIFT_VERSION = 4.0;
				TARGETED_DEVICE_FAMILY = "1,2";
			};
			name = Debug;
		};
		530A80B81FD472DC003DD38B /* Release */ = {
			isa = XCBuildConfiguration;
			buildSettings = {
				ASSETCATALOG_COMPILER_APPICON_NAME = AppIcon;
				CODE_SIGN_STYLE = Automatic;
				DEVELOPMENT_TEAM = 8YBKQD6YZD;
				INFOPLIST_FILE = "ReplayKit Tutorial/Info.plist";
				LD_RUNPATH_SEARCH_PATHS = "$(inherited) @executable_path/Frameworks";
				PRODUCT_BUNDLE_IDENTIFIER = "BigBadBird-LLC.ReplayKit-Tutorial";
				PRODUCT_NAME = "$(TARGET_NAME)";
				SWIFT_VERSION = 4.0;
				TARGETED_DEVICE_FAMILY = "1,2";
			};
			name = Release;
		};
/* End XCBuildConfiguration section */

/* Begin XCConfigurationList section */
		530A809F1FD472DC003DD38B /* Build configuration list for PBXProject "ReplayKit Tutorial" */ = {
			isa = XCConfigurationList;
			buildConfigurations = (
				530A80B41FD472DC003DD38B /* Debug */,
				530A80B51FD472DC003DD38B /* Release */,
			);
			defaultConfigurationIsVisible = 0;
			defaultConfigurationName = Release;
		};
		530A80B61FD472DC003DD38B /* Build configuration list for PBXNativeTarget "ReplayKit Tutorial" */ = {
			isa = XCConfigurationList;
			buildConfigurations = (
				530A80B71FD472DC003DD38B /* Debug */,
				530A80B81FD472DC003DD38B /* Release */,
			);
			defaultConfigurationIsVisible = 0;
			defaultConfigurationName = Release;
		};
/* End XCConfigurationList section */
	};
	rootObject = 530A809C1FD472DC003DD38B /* Project object */;
}
